
Microsoft Visual Studio Solution File, Format Version 12.00
# Visual Studio 2012
Project("{FAE04EC0-301F-11D3-BF4B-00C04F79EFBC}") = "ENTITY", "ENTITY\ENTITY.csproj", "{52666531-F41A-4263-8005-4A98F79300E5}"
EndProject
Project("{FAE04EC0-301F-11D3-BF4B-00C04F79EFBC}") = "DAL", "DAL\DAL.csproj", "{90CC5959-3A4B-4386-92B5-94427784BCFA}"
EndProject
Project("{FAE04EC0-301F-11D3-BF4B-00C04F79EFBC}") = "IDAL", "IDAL\IDAL.csproj", "{2E6B1B45-72FE-4CA8-A8F1-B0ED77757586}"
EndProject
Project("{FAE04EC0-301F-11D3-BF4B-00C04F79EFBC}") = "IBLL", "IBLL\IBLL.csproj", "{9BF6EC9F-ED04-426D-8E67-7851483D09DB}"
EndProject
Project("{FAE04EC0-301F-11D3-BF4B-00C04F79EFBC}") = "BLL", "BLL\BLL.csproj", "{88C20298-E7EB-42FD-A0E9-508E8A72A5C2}"
EndProject
Project("{FAE04EC0-301F-11D3-BF4B-00C04F79EFBC}") = "Factory", "Factory\Factory.csproj", "{7BD7D22E-14C7-4942-8E47-E0A244D589BD}"
EndProject
Project("{FAE04EC0-301F-11D3-BF4B-00C04F79EFBC}") = "WEBAPI", "WEBAPI\WEBAPI.csproj", "{57827A01-B0E9-4ABE-8DC3-4E665B045A4A}"
EndProject
Project("{FAE04EC0-301F-11D3-BF4B-00C04F79EFBC}") = "WEB", "WEB\WEB.csproj", "{75AA8370-3144-40D2-B86C-9509B4B9A80E}"
EndProject
Project("{FAE04EC0-301F-11D3-BF4B-00C04F79EFBC}") = "Common", "Common\Common.csproj", "{4CFCDB4D-EB73-449E-9D15-1A52C69EB41D}"
EndProject
Global
	GlobalSection(SolutionConfigurationPlatforms) = preSolution
		Debug|Any CPU = Debug|Any CPU
		Release|Any CPU = Release|Any CPU
	EndGlobalSection
	GlobalSection(ProjectConfigurationPlatforms) = postSolution
		{52666531-F41A-4263-8005-4A98F79300E5}.Debug|Any CPU.ActiveCfg = Debug|Any CPU
		{52666531-F41A-4263-8005-4A98F79300E5}.Debug|Any CPU.Build.0 = Debug|Any CPU
		{52666531-F41A-4263-8005-4A98F79300E5}.Release|Any CPU.ActiveCfg = Release|Any CPU
		{52666531-F41A-4263-8005-4A98F79300E5}.Release|Any CPU.Build.0 = Release|Any CPU
		{90CC5959-3A4B-4386-92B5-94427784BCFA}.Debug|Any CPU.ActiveCfg = Debug|Any CPU
		{90CC5959-3A4B-4386-92B5-94427784BCFA}.Debug|Any CPU.Build.0 = Debug|Any CPU
		{90CC5959-3A4B-4386-92B5-94427784BCFA}.Release|Any CPU.ActiveCfg = Release|Any CPU
		{90CC5959-3A4B-4386-92B5-94427784BCFA}.Release|Any CPU.Build.0 = Release|Any CPU
		{2E6B1B45-72FE-4CA8-A8F1-B0ED77757586}.Debug|Any CPU.ActiveCfg = Debug|Any CPU
		{2E6B1B45-72FE-4CA8-A8F1-B0ED77757586}.Debug|Any CPU.Build.0 = Debug|Any CPU
		{2E6B1B45-72FE-4CA8-A8F1-B0ED77757586}.Release|Any CPU.ActiveCfg = Release|Any CPU
		{2E6B1B45-72FE-4CA8-A8F1-B0ED77757586}.Release|Any CPU.Build.0 = Release|Any CPU
		{9BF6EC9F-ED04-426D-8E67-7851483D09DB}.Debug|Any CPU.ActiveCfg = Debug|Any CPU
		{9BF6EC9F-ED04-426D-8E67-7851483D09DB}.Debug|Any CPU.Build.0 = Debug|Any CPU
		{9BF6EC9F-ED04-426D-8E67-7851483D09DB}.Release|Any CPU.ActiveCfg = Release|Any CPU
		{9BF6EC9F-ED04-426D-8E67-7851483D09DB}.Release|Any CPU.Build.0 = Release|Any CPU
		{88C20298-E7EB-42FD-A0E9-508E8A72A5C2}.Debug|Any CPU.ActiveCfg = Debug|Any CPU
		{88C20298-E7EB-42FD-A0E9-508E8A72A5C2}.Debug|Any CPU.Build.0 = Debug|Any CPU
		{88C20298-E7EB-42FD-A0E9-508E8A72A5C2}.Release|Any CPU.ActiveCfg = Release|Any CPU
		{88C20298-E7EB-42FD-A0E9-508E8A72A5C2}.Release|Any CPU.Build.0 = Release|Any CPU
		{7BD7D22E-14C7-4942-8E47-E0A244D589BD}.Debug|Any CPU.ActiveCfg = Debug|Any CPU
		{7BD7D22E-14C7-4942-8E47-E0A244D589BD}.Debug|Any CPU.Build.0 = Debug|Any CPU
		{7BD7D22E-14C7-4942-8E47-E0A244D589BD}.Release|Any CPU.ActiveCfg = Release|Any CPU
		{7BD7D22E-14C7-4942-8E47-E0A244D589BD}.Release|Any CPU.Build.0 = Release|Any CPU
		{57827A01-B0E9-4ABE-8DC3-4E665B045A4A}.Debug|Any CPU.ActiveCfg = Debug|Any CPU
		{57827A01-B0E9-4ABE-8DC3-4E665B045A4A}.Debug|Any CPU.Build.0 = Debug|Any CPU
		{57827A01-B0E9-4ABE-8DC3-4E665B045A4A}.Release|Any CPU.ActiveCfg = Release|Any CPU
		{57827A01-B0E9-4ABE-8DC3-4E665B045A4A}.Release|Any CPU.Build.0 = Release|Any CPU
		{75AA8370-3144-40D2-B86C-9509B4B9A80E}.Debug|Any CPU.ActiveCfg = Debug|Any CPU
		{75AA8370-3144-40D2-B86C-9509B4B9A80E}.Debug|Any CPU.Build.0 = Debug|Any CPU
		{75AA8370-3144-40D2-B86C-9509B4B9A80E}.Release|Any CPU.ActiveCfg = Release|Any CPU
		{75AA8370-3144-40D2-B86C-9509B4B9A80E}.Release|Any CPU.Build.0 = Release|Any CPU
		{4CFCDB4D-EB73-449E-9D15-1A52C69EB41D}.Debug|Any CPU.ActiveCfg = Debug|Any CPU
		{4CFCDB4D-EB73-449E-9D15-1A52C69EB41D}.Debug|Any CPU.Build.0 = Debug|Any CPU
		{4CFCDB4D-EB73-449E-9D15-1A52C69EB41D}.Release|Any CPU.ActiveCfg = Release|Any CPU
		{4CFCDB4D-EB73-449E-9D15-1A52C69EB41D}.Release|Any CPU.Build.0 = Release|Any CPU
	EndGlobalSection
	GlobalSection(SolutionProperties) = preSolution
		HideSolutionNode = FALSE
	EndGlobalSection
EndGlobal
